
Microsoft Visual Studio Solution File, Format Version 12.00
# Visual Studio 2013
VisualStudioVersion = 12.0.21005.1
MinimumVisualStudioVersion = 10.0.40219.1
Project("{8BC9CEB8-8B4A-11D0-8D11-00A0C91BC942}") = "cc_shellcode", "cc_shellcode\cc_shellcode.vcxproj", "{A24AE05E-430D-4699-8141-4C37E761DA12}"
EndProject
Project("{8BC9CEB8-8B4A-11D0-8D11-00A0C91BC942}") = "libc", "LIBC\libc.vcxproj", "{6B090B01-76A1-4521-902D-6011FE9AA4ED}"
EndProject
Project("{8BC9CEB8-8B4A-11D0-8D11-00A0C91BC942}") = "loader", "LOADER\loader.vcxproj", "{8EB9E40F-F3CD-469E-83FF-78C7FB2E6DBE}"
EndProject
Project("{8BC9CEB8-8B4A-11D0-8D11-00A0C91BC942}") = "CVE", "CVE\CVE.vcxproj", "{444C9878-7D1A-4028-8416-3C7D8672FDEB}"
EndProject
Project("{8BC9CEB8-8B4A-11D0-8D11-00A0C91BC942}") = "Core", "Core\Core.vcxproj", "{8F56699B-2357-48BC-A739-D831F3421C97}"
EndProject
Global
	GlobalSection(SolutionConfigurationPlatforms) = preSolution
		Debug|Mixed Platforms = Debug|Mixed Platforms
		Debug|Win32 = Debug|Win32
		Debug|x64 = Debug|x64
		Release|Mixed Platforms = Release|Mixed Platforms
		Release|Win32 = Release|Win32
		Release|x64 = Release|x64
	EndGlobalSection
	GlobalSection(ProjectConfigurationPlatforms) = postSolution
		{A24AE05E-430D-4699-8141-4C37E761DA12}.Debug|Mixed Platforms.ActiveCfg = Debug|Win32
		{A24AE05E-430D-4699-8141-4C37E761DA12}.Debug|Mixed Platforms.Build.0 = Debug|Win32
		{A24AE05E-430D-4699-8141-4C37E761DA12}.Debug|Win32.ActiveCfg = Debug|Win32
		{A24AE05E-430D-4699-8141-4C37E761DA12}.Debug|Win32.Build.0 = Debug|Win32
		{A24AE05E-430D-4699-8141-4C37E761DA12}.Debug|x64.ActiveCfg = Debug|Win32
		{A24AE05E-430D-4699-8141-4C37E761DA12}.Release|Mixed Platforms.ActiveCfg = Release|Win32
		{A24AE05E-430D-4699-8141-4C37E761DA12}.Release|Mixed Platforms.Build.0 = Release|Win32
		{A24AE05E-430D-4699-8141-4C37E761DA12}.Release|Win32.ActiveCfg = Release|Win32
		{A24AE05E-430D-4699-8141-4C37E761DA12}.Release|Win32.Build.0 = Release|Win32
		{A24AE05E-430D-4699-8141-4C37E761DA12}.Release|x64.ActiveCfg = Release|x64
		{A24AE05E-430D-4699-8141-4C37E761DA12}.Release|x64.Build.0 = Release|x64
		{A24AE05E-430D-4699-8141-4C37E761DA12}.Release|x64.Deploy.0 = Release|x64
		{6B090B01-76A1-4521-902D-6011FE9AA4ED}.Debug|Mixed Platforms.ActiveCfg = Debug|Win32
		{6B090B01-76A1-4521-902D-6011FE9AA4ED}.Debug|Mixed Platforms.Build.0 = Debug|Win32
		{6B090B01-76A1-4521-902D-6011FE9AA4ED}.Debug|Win32.ActiveCfg = Debug|Win32
		{6B090B01-76A1-4521-902D-6011FE9AA4ED}.Debug|Win32.Build.0 = Debug|Win32
		{6B090B01-76A1-4521-902D-6011FE9AA4ED}.Debug|x64.ActiveCfg = Debug|x64
		{6B090B01-76A1-4521-902D-6011FE9AA4ED}.Debug|x64.Build.0 = Debug|x64
		{6B090B01-76A1-4521-902D-6011FE9AA4ED}.Debug|x64.Deploy.0 = Debug|x64
		{6B090B01-76A1-4521-902D-6011FE9AA4ED}.Release|Mixed Platforms.ActiveCfg = Release|Win32
		{6B090B01-76A1-4521-902D-6011FE9AA4ED}.Release|Mixed Platforms.Build.0 = Release|Win32
		{6B090B01-76A1-4521-902D-6011FE9AA4ED}.Release|Win32.ActiveCfg = Release|Win32
		{6B090B01-76A1-4521-902D-6011FE9AA4ED}.Release|Win32.Build.0 = Release|Win32
		{6B090B01-76A1-4521-902D-6011FE9AA4ED}.Release|x64.ActiveCfg = Release|x64
		{6B090B01-76A1-4521-902D-6011FE9AA4ED}.Release|x64.Build.0 = Release|x64
		{6B090B01-76A1-4521-902D-6011FE9AA4ED}.Release|x64.Deploy.0 = Release|x64
		{8EB9E40F-F3CD-469E-83FF-78C7FB2E6DBE}.Debug|Mixed Platforms.ActiveCfg = Debug|Win32
		{8EB9E40F-F3CD-469E-83FF-78C7FB2E6DBE}.Debug|Mixed Platforms.Build.0 = Debug|Win32
		{8EB9E40F-F3CD-469E-83FF-78C7FB2E6DBE}.Debug|Win32.ActiveCfg = Debug|Win32
		{8EB9E40F-F3CD-469E-83FF-78C7FB2E6DBE}.Debug|Win32.Build.0 = Debug|Win32
		{8EB9E40F-F3CD-469E-83FF-78C7FB2E6DBE}.Debug|x64.ActiveCfg = Debug|Win32
		{8EB9E40F-F3CD-469E-83FF-78C7FB2E6DBE}.Release|Mixed Platforms.ActiveCfg = Release|Win32
		{8EB9E40F-F3CD-469E-83FF-78C7FB2E6DBE}.Release|Mixed Platforms.Build.0 = Release|Win32
		{8EB9E40F-F3CD-469E-83FF-78C7FB2E6DBE}.Release|Win32.ActiveCfg = Release|Win32
		{8EB9E40F-F3CD-469E-83FF-78C7FB2E6DBE}.Release|Win32.Build.0 = Release|Win32
		{8EB9E40F-F3CD-469E-83FF-78C7FB2E6DBE}.Release|x64.ActiveCfg = Release|x64
		{8EB9E40F-F3CD-469E-83FF-78C7FB2E6DBE}.Release|x64.Build.0 = Release|x64
		{8EB9E40F-F3CD-469E-83FF-78C7FB2E6DBE}.Release|x64.Deploy.0 = Release|x64
		{444C9878-7D1A-4028-8416-3C7D8672FDEB}.Debug|Mixed Platforms.ActiveCfg = Debug|Win32
		{444C9878-7D1A-4028-8416-3C7D8672FDEB}.Debug|Mixed Platforms.Build.0 = Debug|Win32
		{444C9878-7D1A-4028-8416-3C7D8672FDEB}.Debug|Win32.ActiveCfg = Debug|Win32
		{444C9878-7D1A-4028-8416-3C7D8672FDEB}.Debug|Win32.Build.0 = Debug|Win32
		{444C9878-7D1A-4028-8416-3C7D8672FDEB}.Debug|x64.ActiveCfg = Debug|x64
		{444C9878-7D1A-4028-8416-3C7D8672FDEB}.Debug|x64.Build.0 = Debug|x64
		{444C9878-7D1A-4028-8416-3C7D8672FDEB}.Release|Mixed Platforms.ActiveCfg = Release|Win32
		{444C9878-7D1A-4028-8416-3C7D8672FDEB}.Release|Mixed Platforms.Build.0 = Release|Win32
		{444C9878-7D1A-4028-8416-3C7D8672FDEB}.Release|Win32.ActiveCfg = Release|Win32
		{444C9878-7D1A-4028-8416-3C7D8672FDEB}.Release|Win32.Build.0 = Release|Win32
		{444C9878-7D1A-4028-8416-3C7D8672FDEB}.Release|Win32.Deploy.0 = Release|Win32
		{444C9878-7D1A-4028-8416-3C7D8672FDEB}.Release|x64.ActiveCfg = Release|x64
		{444C9878-7D1A-4028-8416-3C7D8672FDEB}.Release|x64.Build.0 = Release|x64
		{444C9878-7D1A-4028-8416-3C7D8672FDEB}.Release|x64.Deploy.0 = Release|x64
		{8F56699B-2357-48BC-A739-D831F3421C97}.Debug|Mixed Platforms.ActiveCfg = Debug|Win32
		{8F56699B-2357-48BC-A739-D831F3421C97}.Debug|Mixed Platforms.Build.0 = Debug|Win32
		{8F56699B-2357-48BC-A739-D831F3421C97}.Debug|Win32.ActiveCfg = Debug|Win32
		{8F56699B-2357-48BC-A739-D831F3421C97}.Debug|Win32.Build.0 = Debug|Win32
		{8F56699B-2357-48BC-A739-D831F3421C97}.Debug|x64.ActiveCfg = Debug|x64
		{8F56699B-2357-48BC-A739-D831F3421C97}.Debug|x64.Build.0 = Debug|x64
		{8F56699B-2357-48BC-A739-D831F3421C97}.Release|Mixed Platforms.ActiveCfg = Release|Win32
		{8F56699B-2357-48BC-A739-D831F3421C97}.Release|Mixed Platforms.Build.0 = Release|Win32
		{8F56699B-2357-48BC-A739-D831F3421C97}.Release|Win32.ActiveCfg = Release|Win32
		{8F56699B-2357-48BC-A739-D831F3421C97}.Release|Win32.Build.0 = Release|Win32
		{8F56699B-2357-48BC-A739-D831F3421C97}.Release|x64.ActiveCfg = Release|x64
		{8F56699B-2357-48BC-A739-D831F3421C97}.Release|x64.Build.0 = Release|x64
	EndGlobalSection
	GlobalSection(SolutionProperties) = preSolution
		HideSolutionNode = FALSE
	EndGlobalSection
EndGlobal
